
Microsoft Visual Studio Solution File, Format Version 12.00
# Visual Studio Version 17
VisualStudioVersion = 17.10.35122.118
MinimumVisualStudioVersion = 10.0.40219.1
Project("{8BC9CEB8-8B4A-11D0-8D11-00A0C91BC942}") = "INTRO_CPP", "INTRO_CPP\INTRO_CPP.vcxproj", "{6712BF26-B94C-4770-A6EF-03B1DF2F12E3}"
EndProject
Project("{8BC9CEB8-8B4A-11D0-8D11-00A0C91BC942}") = "Exercice_LOGGER", "Exercice_LOGGER\Exercice_LOGGER.vcxproj", "{67680E57-489E-4686-8B40-C8DF1B39268A}"
EndProject
Global
	GlobalSection(SolutionConfigurationPlatforms) = preSolution
		Debug|x64 = Debug|x64
		Debug|x86 = Debug|x86
		Release|x64 = Release|x64
		Release|x86 = Release|x86
	EndGlobalSection
	GlobalSection(ProjectConfigurationPlatforms) = postSolution
		{6712BF26-B94C-4770-A6EF-03B1DF2F12E3}.Debug|x64.ActiveCfg = Debug|x64
		{6712BF26-B94C-4770-A6EF-03B1DF2F12E3}.Debug|x64.Build.0 = Debug|x64
		{6712BF26-B94C-4770-A6EF-03B1DF2F12E3}.Debug|x86.ActiveCfg = Debug|Win32
		{6712BF26-B94C-4770-A6EF-03B1DF2F12E3}.Debug|x86.Build.0 = Debug|Win32
		{6712BF26-B94C-4770-A6EF-03B1DF2F12E3}.Release|x64.ActiveCfg = Release|x64
		{6712BF26-B94C-4770-A6EF-03B1DF2F12E3}.Release|x64.Build.0 = Release|x64
		{6712BF26-B94C-4770-A6EF-03B1DF2F12E3}.Release|x86.ActiveCfg = Release|Win32
		{6712BF26-B94C-4770-A6EF-03B1DF2F12E3}.Release|x86.Build.0 = Release|Win32
		{67680E57-489E-4686-8B40-C8DF1B39268A}.Debug|x64.ActiveCfg = Debug|x64
		{67680E57-489E-4686-8B40-C8DF1B39268A}.Debug|x64.Build.0 = Debug|x64
		{67680E57-489E-4686-8B40-C8DF1B39268A}.Debug|x86.ActiveCfg = Debug|Win32
		{67680E57-489E-4686-8B40-C8DF1B39268A}.Debug|x86.Build.0 = Debug|Win32
		{67680E57-489E-4686-8B40-C8DF1B39268A}.Release|x64.ActiveCfg = Release|x64
		{67680E57-489E-4686-8B40-C8DF1B39268A}.Release|x64.Build.0 = Release|x64
		{67680E57-489E-4686-8B40-C8DF1B39268A}.Release|x86.ActiveCfg = Release|Win32
		{67680E57-489E-4686-8B40-C8DF1B39268A}.Release|x86.Build.0 = Release|Win32
	EndGlobalSection
	GlobalSection(SolutionProperties) = preSolution
		HideSolutionNode = FALSE
	EndGlobalSection
	GlobalSection(ExtensibilityGlobals) = postSolution
		SolutionGuid = {CB313859-9878-4294-823F-224C1A398BA4}
	EndGlobalSection
EndGlobal
